uuid: 536324b7-c51b-409b-9b00-d81e559ae673
langcode: en
status: false
dependencies:
  module:
    - system
    - twitter_block
  theme:
    - dbcd2015
id: dbcd2015_twitterblock
theme: dbcd2015
region: '-1'
weight: 8
provider: null
plugin: twitter_block
settings:
  id: twitter_block
  label: 'Twitter block'
  provider: twitter_block
  label_display: visible
  widget_id: '678915224662114305'
  theme: ''
  link_color: ''
  width: ''
  height: ''
  chrome:
    noheader: '0'
    nofooter: '0'
    noborders: '0'
    noscrollbar: '0'
    transparent: '0'
  border_color: ''
  language: ''
  tweet_limit: ''
  related: ''
  polite: polite
visibility:
  request_path:
    id: request_path
    pages: '<front>'
    negate: false
    context_mapping: {  }
